
Microsoft Visual Studio Solution File, Format Version 12.00
# Visual Studio 14
VisualStudioVersion = 14.0.25420.1
MinimumVisualStudioVersion = 10.0.40219.1
Project("{FAE04EC0-301F-11D3-BF4B-00C04F79EFBC}") = "Homeworks", "Homeworks\Homeworks.csproj", "{E6D8FE06-6FF6-48AB-A1C5-08B0D9E44C24}"
EndProject
Project("{2150E333-8FDC-42A3-9474-1A3956D46DE8}") = "Group1", "Group1", "{0EBB16BF-4DE6-48D9-8C93-78404E7A6204}"
EndProject
Project("{2150E333-8FDC-42A3-9474-1A3956D46DE8}") = "Group3", "Group3", "{35C2E146-19F0-4DC8-93D6-1CDBDCC64C60}"
EndProject
Project("{FAE04EC0-301F-11D3-BF4B-00C04F79EFBC}") = "Functional", "G3-Functional\Functional.csproj", "{FB953099-744D-412F-9D61-B0712193B4EA}"
EndProject
Project("{FAE04EC0-301F-11D3-BF4B-00C04F79EFBC}") = "Generics", "G3-Generics\Generics.csproj", "{F13A0F16-F845-494F-8BEA-7EFE46B92B8E}"
EndProject
Project("{FAE04EC0-301F-11D3-BF4B-00C04F79EFBC}") = "Collections", "G1-Collections\Collections.csproj", "{503C66F1-A504-43FB-BBA0-BEE0FAC5BF3F}"
EndProject
Project("{FAE04EC0-301F-11D3-BF4B-00C04F79EFBC}") = "Initial", "G1-Initial\Initial.csproj", "{1D6C08F4-57EF-47F6-89D0-E652F5A13BEF}"
EndProject
Project("{FAE04EC0-301F-11D3-BF4B-00C04F79EFBC}") = "Lambdas", "G1-Lambdas\Lambdas.csproj", "{CF337015-307A-41E5-AD04-7A1365474656}"
EndProject
Project("{FAE04EC0-301F-11D3-BF4B-00C04F79EFBC}") = "PrakingG1", "PrakingG1\PrakingG1.csproj", "{5CBD2C2B-5AAC-4C37-B1C2-14926B6AAC94}"
EndProject
Project("{FAE04EC0-301F-11D3-BF4B-00C04F79EFBC}") = "ParkingG3", "ParkingG3\ParkingG3.csproj", "{7D95EBBF-22C1-4FA0-852F-AA47BB91C6DB}"
EndProject
Project("{FAE04EC0-301F-11D3-BF4B-00C04F79EFBC}") = "G3-Interface", "G3-Interface\G3-Interface.csproj", "{D3DFA811-18D1-493A-A9D1-5121880B84AE}"
EndProject
Project("{FAE04EC0-301F-11D3-BF4B-00C04F79EFBC}") = "G1-Interface", "G1-Interface\G1-Interface.csproj", "{411E7A62-0C48-4452-940B-2D7CCE888451}"
EndProject
Project("{2150E333-8FDC-42A3-9474-1A3956D46DE8}") = "Mobsters", "Mobsters", "{62F6CB16-5315-4733-B0F6-FEEB5ECCD921}"
EndProject
Project("{FAE04EC0-301F-11D3-BF4B-00C04F79EFBC}") = "G3-MobstersForm", "G3-MobstersForm\G3-MobstersForm.csproj", "{AA43FFD0-A004-429F-8CC4-2C104ABDA7A6}"
EndProject
Project("{FAE04EC0-301F-11D3-BF4B-00C04F79EFBC}") = "G3-MobstersConsole", "G3-MobstersConsole\G3-MobstersConsole.csproj", "{8B7B85AF-1307-49A6-BAD1-5F8423016888}"
EndProject
Project("{FAE04EC0-301F-11D3-BF4B-00C04F79EFBC}") = "G3-Mobsters", "G3-Mobsters\G3-Mobsters.csproj", "{5A3132D0-126E-485C-97F0-214731289F00}"
EndProject
Project("{FAE04EC0-301F-11D3-BF4B-00C04F79EFBC}") = "G3-Music", "G3-Music\G3-Music.csproj", "{1ACEFE2E-F430-4AD4-A6EB-EAC8D80E8AC5}"
EndProject
Project("{2150E333-8FDC-42A3-9474-1A3956D46DE8}") = "Mobsters", "Mobsters", "{05108145-9F34-4E63-BEE8-AC514D21E573}"
EndProject
Project("{FAE04EC0-301F-11D3-BF4B-00C04F79EFBC}") = "G1-MobstersConsole", "G1-MobstersConsole\G1-MobstersConsole.csproj", "{25B38072-0DB6-481E-86A6-F50FA653EA23}"
EndProject
Project("{FAE04EC0-301F-11D3-BF4B-00C04F79EFBC}") = "G1-MobstersForms", "G1-MobstersForms\G1-MobstersForms.csproj", "{C48EA46F-295E-448D-87E7-BE0563CF4824}"
EndProject
Project("{FAE04EC0-301F-11D3-BF4B-00C04F79EFBC}") = "G1-Mobsters", "G1-Mobsters\G1-Mobsters.csproj", "{AF18CF7E-237A-4E0F-94BD-93B1F64EF58C}"
EndProject
Project("{FAE04EC0-301F-11D3-BF4B-00C04F79EFBC}") = "G1-Students", "G1-Students\G1-Students.csproj", "{06267E15-09BA-4AFE-925D-C3F568B3B8ED}"
EndProject
Project("{2150E333-8FDC-42A3-9474-1A3956D46DE8}") = "Bookr", "Bookr", "{F255475D-52BD-4504-BCB4-2EDD40E399C8}"
EndProject
Project("{FAE04EC0-301F-11D3-BF4B-00C04F79EFBC}") = "G3-Bookr-Main", "G3-Bookr-Main\G3-Bookr-Main.csproj", "{61138609-DD6B-491E-8963-FDB55556E8B1}"
EndProject
Project("{FAE04EC0-301F-11D3-BF4B-00C04F79EFBC}") = "G3-Bookr-Model", "G3-Bookr-Model\G3-Bookr-Model.csproj", "{EC693A41-A275-4A0E-90DC-B0B38F11A3DC}"
EndProject
Project("{FAE04EC0-301F-11D3-BF4B-00C04F79EFBC}") = "G3-Bookr-Mapper", "G3-Bookr-Mapper\G3-Bookr-Mapper.csproj", "{0FF17BA4-6269-4F6B-B99E-40E582B25C71}"
EndProject
Project("{2150E333-8FDC-42A3-9474-1A3956D46DE8}") = "Bookr", "Bookr", "{DA4AC7A0-AE29-401B-8E53-A31A12B3AB58}"
EndProject
Project("{FAE04EC0-301F-11D3-BF4B-00C04F79EFBC}") = "G1-Bookr-Main", "G1-Bookr-Main\G1-Bookr-Main.csproj", "{3E748912-89A2-42DC-AC2D-18A2CECE6A1D}"
EndProject
Project("{FAE04EC0-301F-11D3-BF4B-00C04F79EFBC}") = "G1-Bookr-Entities", "G1-Bookr-Entities\G1-Bookr-Entities.csproj", "{21D0D00A-786A-4F3A-BAB4-19C6F99716E1}"
EndProject
Project("{FAE04EC0-301F-11D3-BF4B-00C04F79EFBC}") = "G1-Bookr-Parser", "G1-Bookr-Parser\G1-Bookr-Parser.csproj", "{0B3C3D49-7FB3-4A39-BB88-69017FBCBA6A}"
EndProject
Project("{FAE04EC0-301F-11D3-BF4B-00C04F79EFBC}") = "G3-Bookr-Console", "G3-Bookr-Console\G3-Bookr-Console.csproj", "{E5D98C3A-7BE4-4A67-8389-51D4F5E1E940}"
EndProject
Global
	GlobalSection(SolutionConfigurationPlatforms) = preSolution
		Debug|Any CPU = Debug|Any CPU
		Release|Any CPU = Release|Any CPU
	EndGlobalSection
	GlobalSection(ProjectConfigurationPlatforms) = postSolution
		{E6D8FE06-6FF6-48AB-A1C5-08B0D9E44C24}.Debug|Any CPU.ActiveCfg = Debug|Any CPU
		{E6D8FE06-6FF6-48AB-A1C5-08B0D9E44C24}.Debug|Any CPU.Build.0 = Debug|Any CPU
		{E6D8FE06-6FF6-48AB-A1C5-08B0D9E44C24}.Release|Any CPU.ActiveCfg = Release|Any CPU
		{E6D8FE06-6FF6-48AB-A1C5-08B0D9E44C24}.Release|Any CPU.Build.0 = Release|Any CPU
		{FB953099-744D-412F-9D61-B0712193B4EA}.Debug|Any CPU.ActiveCfg = Debug|Any CPU
		{FB953099-744D-412F-9D61-B0712193B4EA}.Debug|Any CPU.Build.0 = Debug|Any CPU
		{FB953099-744D-412F-9D61-B0712193B4EA}.Release|Any CPU.ActiveCfg = Release|Any CPU
		{FB953099-744D-412F-9D61-B0712193B4EA}.Release|Any CPU.Build.0 = Release|Any CPU
		{F13A0F16-F845-494F-8BEA-7EFE46B92B8E}.Debug|Any CPU.ActiveCfg = Debug|Any CPU
		{F13A0F16-F845-494F-8BEA-7EFE46B92B8E}.Debug|Any CPU.Build.0 = Debug|Any CPU
		{F13A0F16-F845-494F-8BEA-7EFE46B92B8E}.Release|Any CPU.ActiveCfg = Release|Any CPU
		{F13A0F16-F845-494F-8BEA-7EFE46B92B8E}.Release|Any CPU.Build.0 = Release|Any CPU
		{503C66F1-A504-43FB-BBA0-BEE0FAC5BF3F}.Debug|Any CPU.ActiveCfg = Debug|Any CPU
		{503C66F1-A504-43FB-BBA0-BEE0FAC5BF3F}.Debug|Any CPU.Build.0 = Debug|Any CPU
		{503C66F1-A504-43FB-BBA0-BEE0FAC5BF3F}.Release|Any CPU.ActiveCfg = Release|Any CPU
		{503C66F1-A504-43FB-BBA0-BEE0FAC5BF3F}.Release|Any CPU.Build.0 = Release|Any CPU
		{1D6C08F4-57EF-47F6-89D0-E652F5A13BEF}.Debug|Any CPU.ActiveCfg = Debug|Any CPU
		{1D6C08F4-57EF-47F6-89D0-E652F5A13BEF}.Debug|Any CPU.Build.0 = Debug|Any CPU
		{1D6C08F4-57EF-47F6-89D0-E652F5A13BEF}.Release|Any CPU.ActiveCfg = Release|Any CPU
		{1D6C08F4-57EF-47F6-89D0-E652F5A13BEF}.Release|Any CPU.Build.0 = Release|Any CPU
		{CF337015-307A-41E5-AD04-7A1365474656}.Debug|Any CPU.ActiveCfg = Debug|Any CPU
		{CF337015-307A-41E5-AD04-7A1365474656}.Debug|Any CPU.Build.0 = Debug|Any CPU
		{CF337015-307A-41E5-AD04-7A1365474656}.Release|Any CPU.ActiveCfg = Release|Any CPU
		{CF337015-307A-41E5-AD04-7A1365474656}.Release|Any CPU.Build.0 = Release|Any CPU
		{5CBD2C2B-5AAC-4C37-B1C2-14926B6AAC94}.Debug|Any CPU.ActiveCfg = Debug|Any CPU
		{5CBD2C2B-5AAC-4C37-B1C2-14926B6AAC94}.Debug|Any CPU.Build.0 = Debug|Any CPU
		{5CBD2C2B-5AAC-4C37-B1C2-14926B6AAC94}.Release|Any CPU.ActiveCfg = Release|Any CPU
		{5CBD2C2B-5AAC-4C37-B1C2-14926B6AAC94}.Release|Any CPU.Build.0 = Release|Any CPU
		{7D95EBBF-22C1-4FA0-852F-AA47BB91C6DB}.Debug|Any CPU.ActiveCfg = Debug|Any CPU
		{7D95EBBF-22C1-4FA0-852F-AA47BB91C6DB}.Debug|Any CPU.Build.0 = Debug|Any CPU
		{7D95EBBF-22C1-4FA0-852F-AA47BB91C6DB}.Release|Any CPU.ActiveCfg = Release|Any CPU
		{7D95EBBF-22C1-4FA0-852F-AA47BB91C6DB}.Release|Any CPU.Build.0 = Release|Any CPU
		{D3DFA811-18D1-493A-A9D1-5121880B84AE}.Debug|Any CPU.ActiveCfg = Debug|Any CPU
		{D3DFA811-18D1-493A-A9D1-5121880B84AE}.Debug|Any CPU.Build.0 = Debug|Any CPU
		{D3DFA811-18D1-493A-A9D1-5121880B84AE}.Release|Any CPU.ActiveCfg = Release|Any CPU
		{D3DFA811-18D1-493A-A9D1-5121880B84AE}.Release|Any CPU.Build.0 = Release|Any CPU
		{411E7A62-0C48-4452-940B-2D7CCE888451}.Debug|Any CPU.ActiveCfg = Debug|Any CPU
		{411E7A62-0C48-4452-940B-2D7CCE888451}.Debug|Any CPU.Build.0 = Debug|Any CPU
		{411E7A62-0C48-4452-940B-2D7CCE888451}.Release|Any CPU.ActiveCfg = Release|Any CPU
		{411E7A62-0C48-4452-940B-2D7CCE888451}.Release|Any CPU.Build.0 = Release|Any CPU
		{AA43FFD0-A004-429F-8CC4-2C104ABDA7A6}.Debug|Any CPU.ActiveCfg = Debug|Any CPU
		{AA43FFD0-A004-429F-8CC4-2C104ABDA7A6}.Debug|Any CPU.Build.0 = Debug|Any CPU
		{AA43FFD0-A004-429F-8CC4-2C104ABDA7A6}.Release|Any CPU.ActiveCfg = Release|Any CPU
		{AA43FFD0-A004-429F-8CC4-2C104ABDA7A6}.Release|Any CPU.Build.0 = Release|Any CPU
		{8B7B85AF-1307-49A6-BAD1-5F8423016888}.Debug|Any CPU.ActiveCfg = Debug|Any CPU
		{8B7B85AF-1307-49A6-BAD1-5F8423016888}.Debug|Any CPU.Build.0 = Debug|Any CPU
		{8B7B85AF-1307-49A6-BAD1-5F8423016888}.Release|Any CPU.ActiveCfg = Release|Any CPU
		{8B7B85AF-1307-49A6-BAD1-5F8423016888}.Release|Any CPU.Build.0 = Release|Any CPU
		{5A3132D0-126E-485C-97F0-214731289F00}.Debug|Any CPU.ActiveCfg = Debug|Any CPU
		{5A3132D0-126E-485C-97F0-214731289F00}.Debug|Any CPU.Build.0 = Debug|Any CPU
		{5A3132D0-126E-485C-97F0-214731289F00}.Release|Any CPU.ActiveCfg = Release|Any CPU
		{5A3132D0-126E-485C-97F0-214731289F00}.Release|Any CPU.Build.0 = Release|Any CPU
		{1ACEFE2E-F430-4AD4-A6EB-EAC8D80E8AC5}.Debug|Any CPU.ActiveCfg = Debug|Any CPU
		{1ACEFE2E-F430-4AD4-A6EB-EAC8D80E8AC5}.Debug|Any CPU.Build.0 = Debug|Any CPU
		{1ACEFE2E-F430-4AD4-A6EB-EAC8D80E8AC5}.Release|Any CPU.ActiveCfg = Release|Any CPU
		{1ACEFE2E-F430-4AD4-A6EB-EAC8D80E8AC5}.Release|Any CPU.Build.0 = Release|Any CPU
		{25B38072-0DB6-481E-86A6-F50FA653EA23}.Debug|Any CPU.ActiveCfg = Debug|Any CPU
		{25B38072-0DB6-481E-86A6-F50FA653EA23}.Debug|Any CPU.Build.0 = Debug|Any CPU
		{25B38072-0DB6-481E-86A6-F50FA653EA23}.Release|Any CPU.ActiveCfg = Release|Any CPU
		{25B38072-0DB6-481E-86A6-F50FA653EA23}.Release|Any CPU.Build.0 = Release|Any CPU
		{C48EA46F-295E-448D-87E7-BE0563CF4824}.Debug|Any CPU.ActiveCfg = Debug|Any CPU
		{C48EA46F-295E-448D-87E7-BE0563CF4824}.Debug|Any CPU.Build.0 = Debug|Any CPU
		{C48EA46F-295E-448D-87E7-BE0563CF4824}.Release|Any CPU.ActiveCfg = Release|Any CPU
		{C48EA46F-295E-448D-87E7-BE0563CF4824}.Release|Any CPU.Build.0 = Release|Any CPU
		{AF18CF7E-237A-4E0F-94BD-93B1F64EF58C}.Debug|Any CPU.ActiveCfg = Debug|Any CPU
		{AF18CF7E-237A-4E0F-94BD-93B1F64EF58C}.Debug|Any CPU.Build.0 = Debug|Any CPU
		{AF18CF7E-237A-4E0F-94BD-93B1F64EF58C}.Release|Any CPU.ActiveCfg = Release|Any CPU
		{AF18CF7E-237A-4E0F-94BD-93B1F64EF58C}.Release|Any CPU.Build.0 = Release|Any CPU
		{06267E15-09BA-4AFE-925D-C3F568B3B8ED}.Debug|Any CPU.ActiveCfg = Debug|Any CPU
		{06267E15-09BA-4AFE-925D-C3F568B3B8ED}.Debug|Any CPU.Build.0 = Debug|Any CPU
		{06267E15-09BA-4AFE-925D-C3F568B3B8ED}.Release|Any CPU.ActiveCfg = Release|Any CPU
		{06267E15-09BA-4AFE-925D-C3F568B3B8ED}.Release|Any CPU.Build.0 = Release|Any CPU
		{61138609-DD6B-491E-8963-FDB55556E8B1}.Debug|Any CPU.ActiveCfg = Debug|Any CPU
		{61138609-DD6B-491E-8963-FDB55556E8B1}.Debug|Any CPU.Build.0 = Debug|Any CPU
		{61138609-DD6B-491E-8963-FDB55556E8B1}.Release|Any CPU.ActiveCfg = Release|Any CPU
		{61138609-DD6B-491E-8963-FDB55556E8B1}.Release|Any CPU.Build.0 = Release|Any CPU
		{EC693A41-A275-4A0E-90DC-B0B38F11A3DC}.Debug|Any CPU.ActiveCfg = Debug|Any CPU
		{EC693A41-A275-4A0E-90DC-B0B38F11A3DC}.Debug|Any CPU.Build.0 = Debug|Any CPU
		{EC693A41-A275-4A0E-90DC-B0B38F11A3DC}.Release|Any CPU.ActiveCfg = Release|Any CPU
		{EC693A41-A275-4A0E-90DC-B0B38F11A3DC}.Release|Any CPU.Build.0 = Release|Any CPU
		{0FF17BA4-6269-4F6B-B99E-40E582B25C71}.Debug|Any CPU.ActiveCfg = Debug|Any CPU
		{0FF17BA4-6269-4F6B-B99E-40E582B25C71}.Debug|Any CPU.Build.0 = Debug|Any CPU
		{0FF17BA4-6269-4F6B-B99E-40E582B25C71}.Release|Any CPU.ActiveCfg = Release|Any CPU
		{0FF17BA4-6269-4F6B-B99E-40E582B25C71}.Release|Any CPU.Build.0 = Release|Any CPU
		{3E748912-89A2-42DC-AC2D-18A2CECE6A1D}.Debug|Any CPU.ActiveCfg = Debug|Any CPU
		{3E748912-89A2-42DC-AC2D-18A2CECE6A1D}.Debug|Any CPU.Build.0 = Debug|Any CPU
		{3E748912-89A2-42DC-AC2D-18A2CECE6A1D}.Release|Any CPU.ActiveCfg = Release|Any CPU
		{3E748912-89A2-42DC-AC2D-18A2CECE6A1D}.Release|Any CPU.Build.0 = Release|Any CPU
		{21D0D00A-786A-4F3A-BAB4-19C6F99716E1}.Debug|Any CPU.ActiveCfg = Debug|Any CPU
		{21D0D00A-786A-4F3A-BAB4-19C6F99716E1}.Debug|Any CPU.Build.0 = Debug|Any CPU
		{21D0D00A-786A-4F3A-BAB4-19C6F99716E1}.Release|Any CPU.ActiveCfg = Release|Any CPU
		{21D0D00A-786A-4F3A-BAB4-19C6F99716E1}.Release|Any CPU.Build.0 = Release|Any CPU
		{0B3C3D49-7FB3-4A39-BB88-69017FBCBA6A}.Debug|Any CPU.ActiveCfg = Debug|Any CPU
		{0B3C3D49-7FB3-4A39-BB88-69017FBCBA6A}.Debug|Any CPU.Build.0 = Debug|Any CPU
		{0B3C3D49-7FB3-4A39-BB88-69017FBCBA6A}.Release|Any CPU.ActiveCfg = Release|Any CPU
		{0B3C3D49-7FB3-4A39-BB88-69017FBCBA6A}.Release|Any CPU.Build.0 = Release|Any CPU
		{E5D98C3A-7BE4-4A67-8389-51D4F5E1E940}.Debug|Any CPU.ActiveCfg = Debug|Any CPU
		{E5D98C3A-7BE4-4A67-8389-51D4F5E1E940}.Debug|Any CPU.Build.0 = Debug|Any CPU
		{E5D98C3A-7BE4-4A67-8389-51D4F5E1E940}.Release|Any CPU.ActiveCfg = Release|Any CPU
		{E5D98C3A-7BE4-4A67-8389-51D4F5E1E940}.Release|Any CPU.Build.0 = Release|Any CPU
	EndGlobalSection
	GlobalSection(SolutionProperties) = preSolution
		HideSolutionNode = FALSE
	EndGlobalSection
	GlobalSection(NestedProjects) = preSolution
		{FB953099-744D-412F-9D61-B0712193B4EA} = {35C2E146-19F0-4DC8-93D6-1CDBDCC64C60}
		{F13A0F16-F845-494F-8BEA-7EFE46B92B8E} = {35C2E146-19F0-4DC8-93D6-1CDBDCC64C60}
		{503C66F1-A504-43FB-BBA0-BEE0FAC5BF3F} = {0EBB16BF-4DE6-48D9-8C93-78404E7A6204}
		{1D6C08F4-57EF-47F6-89D0-E652F5A13BEF} = {0EBB16BF-4DE6-48D9-8C93-78404E7A6204}
		{CF337015-307A-41E5-AD04-7A1365474656} = {0EBB16BF-4DE6-48D9-8C93-78404E7A6204}
		{5CBD2C2B-5AAC-4C37-B1C2-14926B6AAC94} = {0EBB16BF-4DE6-48D9-8C93-78404E7A6204}
		{7D95EBBF-22C1-4FA0-852F-AA47BB91C6DB} = {35C2E146-19F0-4DC8-93D6-1CDBDCC64C60}
		{D3DFA811-18D1-493A-A9D1-5121880B84AE} = {35C2E146-19F0-4DC8-93D6-1CDBDCC64C60}
		{411E7A62-0C48-4452-940B-2D7CCE888451} = {0EBB16BF-4DE6-48D9-8C93-78404E7A6204}
		{62F6CB16-5315-4733-B0F6-FEEB5ECCD921} = {35C2E146-19F0-4DC8-93D6-1CDBDCC64C60}
		{AA43FFD0-A004-429F-8CC4-2C104ABDA7A6} = {62F6CB16-5315-4733-B0F6-FEEB5ECCD921}
		{8B7B85AF-1307-49A6-BAD1-5F8423016888} = {62F6CB16-5315-4733-B0F6-FEEB5ECCD921}
		{5A3132D0-126E-485C-97F0-214731289F00} = {62F6CB16-5315-4733-B0F6-FEEB5ECCD921}
		{1ACEFE2E-F430-4AD4-A6EB-EAC8D80E8AC5} = {35C2E146-19F0-4DC8-93D6-1CDBDCC64C60}
		{05108145-9F34-4E63-BEE8-AC514D21E573} = {0EBB16BF-4DE6-48D9-8C93-78404E7A6204}
		{25B38072-0DB6-481E-86A6-F50FA653EA23} = {05108145-9F34-4E63-BEE8-AC514D21E573}
		{C48EA46F-295E-448D-87E7-BE0563CF4824} = {05108145-9F34-4E63-BEE8-AC514D21E573}
		{AF18CF7E-237A-4E0F-94BD-93B1F64EF58C} = {05108145-9F34-4E63-BEE8-AC514D21E573}
		{06267E15-09BA-4AFE-925D-C3F568B3B8ED} = {0EBB16BF-4DE6-48D9-8C93-78404E7A6204}
		{F255475D-52BD-4504-BCB4-2EDD40E399C8} = {35C2E146-19F0-4DC8-93D6-1CDBDCC64C60}
		{61138609-DD6B-491E-8963-FDB55556E8B1} = {F255475D-52BD-4504-BCB4-2EDD40E399C8}
		{EC693A41-A275-4A0E-90DC-B0B38F11A3DC} = {F255475D-52BD-4504-BCB4-2EDD40E399C8}
		{0FF17BA4-6269-4F6B-B99E-40E582B25C71} = {F255475D-52BD-4504-BCB4-2EDD40E399C8}
		{DA4AC7A0-AE29-401B-8E53-A31A12B3AB58} = {0EBB16BF-4DE6-48D9-8C93-78404E7A6204}
		{3E748912-89A2-42DC-AC2D-18A2CECE6A1D} = {DA4AC7A0-AE29-401B-8E53-A31A12B3AB58}
		{21D0D00A-786A-4F3A-BAB4-19C6F99716E1} = {DA4AC7A0-AE29-401B-8E53-A31A12B3AB58}
		{0B3C3D49-7FB3-4A39-BB88-69017FBCBA6A} = {DA4AC7A0-AE29-401B-8E53-A31A12B3AB58}
		{E5D98C3A-7BE4-4A67-8389-51D4F5E1E940} = {F255475D-52BD-4504-BCB4-2EDD40E399C8}
	EndGlobalSection
EndGlobal
